
Microsoft Visual Studio Solution File, Format Version 12.00
# Visual Studio 15
VisualStudioVersion = 15.0.28307.1340
MinimumVisualStudioVersion = 10.0.40219.1
Project("{159641D6-6404-4A2A-AE62-294DE0FE8301}") = "MCB_BANK_PACKAGES", "MCB_BANK_PACKAGES\MCB_BANK_PACKAGES.dtproj", "{5E4A535B-BC7F-4660-BACE-BBAB45F18DC9}"
EndProject
Global
	GlobalSection(SolutionConfigurationPlatforms) = preSolution
		Development|Default = Development|Default
	EndGlobalSection
	GlobalSection(ProjectConfigurationPlatforms) = postSolution
		{5E4A535B-BC7F-4660-BACE-BBAB45F18DC9}.Development|Default.ActiveCfg = Development
		{5E4A535B-BC7F-4660-BACE-BBAB45F18DC9}.Development|Default.Build.0 = Development
	EndGlobalSection
	GlobalSection(SolutionProperties) = preSolution
		HideSolutionNode = FALSE
	EndGlobalSection
	GlobalSection(ExtensibilityGlobals) = postSolution
		SolutionGuid = {EE15AF30-17DB-4B44-9C41-7E418E7228E7}
	EndGlobalSection
EndGlobal
